
Microsoft Visual Studio Solution File, Format Version 12.00
# Visual Studio Version 17
VisualStudioVersion = 17.1.32328.378
MinimumVisualStudioVersion = 10.0.40219.1
Project("{2150E333-8FDC-42A3-9474-1A3956D46DE8}") = "src", "src", "{DC05DC8B-5142-45E0-9A5D-88AB8C2140A3}"
EndProject
Project("{2150E333-8FDC-42A3-9474-1A3956D46DE8}") = "core", "core", "{8D0FDF22-2D81-4C96-A08B-8E43C4E2DC53}"
EndProject
Project("{2150E333-8FDC-42A3-9474-1A3956D46DE8}") = "infrastructure", "infrastructure", "{8D98A5B6-0029-413C-B48E-B0942282E6B9}"
EndProject
Project("{2150E333-8FDC-42A3-9474-1A3956D46DE8}") = "presentation", "presentation", "{408BB919-A944-4C38-83B8-0C9808EBBF78}"
EndProject
Project("{9A19103F-16F7-4668-BE54-9A1E7A4F7556}") = "CielaDocs.Application", "src\core\CielaDocs.Application\CielaDocs.Application.csproj", "{965F33E0-D000-463F-A008-507052DD0589}"
EndProject
Project("{9A19103F-16F7-4668-BE54-9A1E7A4F7556}") = "CielaDocs.Domain", "src\core\CielaDocs.Domain\CielaDocs.Domain.csproj", "{D50D1942-246E-44CE-94C3-9AE284A7C14D}"
EndProject
Project("{9A19103F-16F7-4668-BE54-9A1E7A4F7556}") = "CielaDocs.Data", "src\infrastructure\CielaDocs.Data\CielaDocs.Data.csproj", "{A07EEBB7-3A5F-49C7-8460-5FB23026286D}"
EndProject
Project("{9A19103F-16F7-4668-BE54-9A1E7A4F7556}") = "CielaDocs.Shared", "src\infrastructure\CielaDocs.Shared\CielaDocs.Shared.csproj", "{C4CBC710-1D26-460B-89B0-14EF02FE2412}"
EndProject
Project("{9A19103F-16F7-4668-BE54-9A1E7A4F7556}") = "CielaDocs.DocStoreService", "src\infrastructure\CielaDocs.DocStoreService\CielaDocs.DocStoreService.csproj", "{D26D65CF-E28C-49EB-B3BD-1B2DF1F32BBD}"
EndProject
Project("{9A19103F-16F7-4668-BE54-9A1E7A4F7556}") = "CielaDocs.Identity", "src\infrastructure\CielaDocs.Identity\CielaDocs.Identity.csproj", "{689C98CE-13F7-423D-BA6D-1B6B3F4E8B05}"
EndProject
Project("{9A19103F-16F7-4668-BE54-9A1E7A4F7556}") = "CielaDocs.AdminPanel", "src\presentation\CielaDocs.AdminPanel\CielaDocs.AdminPanel.csproj", "{C2CF45F2-C17B-4922-B56F-EA0383ACB2E0}"
EndProject
Project("{9A19103F-16F7-4668-BE54-9A1E7A4F7556}") = "CielaDocs.SjcWeb", "src\presentation\CielaDocs.SjcWeb\CielaDocs.SjcWeb.csproj", "{338C7553-DCDD-4349-A381-B82378ABB876}"
EndProject
Project("{FAE04EC0-301F-11D3-BF4B-00C04F79EFBC}") = "TestApp", "TestApp\TestApp.csproj", "{7C4093FA-4F54-4AAC-8B0C-6BDE8FCDC1F7}"
EndProject
Global
	GlobalSection(SolutionConfigurationPlatforms) = preSolution
		Debug|Any CPU = Debug|Any CPU
		Release|Any CPU = Release|Any CPU
	EndGlobalSection
	GlobalSection(ProjectConfigurationPlatforms) = postSolution
		{965F33E0-D000-463F-A008-507052DD0589}.Debug|Any CPU.ActiveCfg = Debug|Any CPU
		{965F33E0-D000-463F-A008-507052DD0589}.Debug|Any CPU.Build.0 = Debug|Any CPU
		{965F33E0-D000-463F-A008-507052DD0589}.Release|Any CPU.ActiveCfg = Release|Any CPU
		{965F33E0-D000-463F-A008-507052DD0589}.Release|Any CPU.Build.0 = Release|Any CPU
		{D50D1942-246E-44CE-94C3-9AE284A7C14D}.Debug|Any CPU.ActiveCfg = Debug|Any CPU
		{D50D1942-246E-44CE-94C3-9AE284A7C14D}.Debug|Any CPU.Build.0 = Debug|Any CPU
		{D50D1942-246E-44CE-94C3-9AE284A7C14D}.Release|Any CPU.ActiveCfg = Release|Any CPU
		{D50D1942-246E-44CE-94C3-9AE284A7C14D}.Release|Any CPU.Build.0 = Release|Any CPU
		{A07EEBB7-3A5F-49C7-8460-5FB23026286D}.Debug|Any CPU.ActiveCfg = Debug|Any CPU
		{A07EEBB7-3A5F-49C7-8460-5FB23026286D}.Debug|Any CPU.Build.0 = Debug|Any CPU
		{A07EEBB7-3A5F-49C7-8460-5FB23026286D}.Release|Any CPU.ActiveCfg = Release|Any CPU
		{A07EEBB7-3A5F-49C7-8460-5FB23026286D}.Release|Any CPU.Build.0 = Release|Any CPU
		{C4CBC710-1D26-460B-89B0-14EF02FE2412}.Debug|Any CPU.ActiveCfg = Debug|Any CPU
		{C4CBC710-1D26-460B-89B0-14EF02FE2412}.Debug|Any CPU.Build.0 = Debug|Any CPU
		{C4CBC710-1D26-460B-89B0-14EF02FE2412}.Release|Any CPU.ActiveCfg = Release|Any CPU
		{C4CBC710-1D26-460B-89B0-14EF02FE2412}.Release|Any CPU.Build.0 = Release|Any CPU
		{D26D65CF-E28C-49EB-B3BD-1B2DF1F32BBD}.Debug|Any CPU.ActiveCfg = Debug|Any CPU
		{D26D65CF-E28C-49EB-B3BD-1B2DF1F32BBD}.Debug|Any CPU.Build.0 = Debug|Any CPU
		{D26D65CF-E28C-49EB-B3BD-1B2DF1F32BBD}.Release|Any CPU.ActiveCfg = Release|Any CPU
		{D26D65CF-E28C-49EB-B3BD-1B2DF1F32BBD}.Release|Any CPU.Build.0 = Release|Any CPU
		{689C98CE-13F7-423D-BA6D-1B6B3F4E8B05}.Debug|Any CPU.ActiveCfg = Debug|Any CPU
		{689C98CE-13F7-423D-BA6D-1B6B3F4E8B05}.Debug|Any CPU.Build.0 = Debug|Any CPU
		{689C98CE-13F7-423D-BA6D-1B6B3F4E8B05}.Release|Any CPU.ActiveCfg = Release|Any CPU
		{689C98CE-13F7-423D-BA6D-1B6B3F4E8B05}.Release|Any CPU.Build.0 = Release|Any CPU
		{C2CF45F2-C17B-4922-B56F-EA0383ACB2E0}.Debug|Any CPU.ActiveCfg = Debug|Any CPU
		{C2CF45F2-C17B-4922-B56F-EA0383ACB2E0}.Debug|Any CPU.Build.0 = Debug|Any CPU
		{C2CF45F2-C17B-4922-B56F-EA0383ACB2E0}.Release|Any CPU.ActiveCfg = Release|Any CPU
		{C2CF45F2-C17B-4922-B56F-EA0383ACB2E0}.Release|Any CPU.Build.0 = Release|Any CPU
		{338C7553-DCDD-4349-A381-B82378ABB876}.Debug|Any CPU.ActiveCfg = Debug|Any CPU
		{338C7553-DCDD-4349-A381-B82378ABB876}.Debug|Any CPU.Build.0 = Debug|Any CPU
		{338C7553-DCDD-4349-A381-B82378ABB876}.Release|Any CPU.ActiveCfg = Release|Any CPU
		{338C7553-DCDD-4349-A381-B82378ABB876}.Release|Any CPU.Build.0 = Release|Any CPU
		{7C4093FA-4F54-4AAC-8B0C-6BDE8FCDC1F7}.Debug|Any CPU.ActiveCfg = Debug|Any CPU
		{7C4093FA-4F54-4AAC-8B0C-6BDE8FCDC1F7}.Debug|Any CPU.Build.0 = Debug|Any CPU
		{7C4093FA-4F54-4AAC-8B0C-6BDE8FCDC1F7}.Release|Any CPU.ActiveCfg = Release|Any CPU
		{7C4093FA-4F54-4AAC-8B0C-6BDE8FCDC1F7}.Release|Any CPU.Build.0 = Release|Any CPU
	EndGlobalSection
	GlobalSection(SolutionProperties) = preSolution
		HideSolutionNode = FALSE
	EndGlobalSection
	GlobalSection(NestedProjects) = preSolution
		{8D0FDF22-2D81-4C96-A08B-8E43C4E2DC53} = {DC05DC8B-5142-45E0-9A5D-88AB8C2140A3}
		{8D98A5B6-0029-413C-B48E-B0942282E6B9} = {DC05DC8B-5142-45E0-9A5D-88AB8C2140A3}
		{408BB919-A944-4C38-83B8-0C9808EBBF78} = {DC05DC8B-5142-45E0-9A5D-88AB8C2140A3}
		{965F33E0-D000-463F-A008-507052DD0589} = {8D0FDF22-2D81-4C96-A08B-8E43C4E2DC53}
		{D50D1942-246E-44CE-94C3-9AE284A7C14D} = {8D0FDF22-2D81-4C96-A08B-8E43C4E2DC53}
		{A07EEBB7-3A5F-49C7-8460-5FB23026286D} = {8D98A5B6-0029-413C-B48E-B0942282E6B9}
		{C4CBC710-1D26-460B-89B0-14EF02FE2412} = {8D98A5B6-0029-413C-B48E-B0942282E6B9}
		{D26D65CF-E28C-49EB-B3BD-1B2DF1F32BBD} = {8D98A5B6-0029-413C-B48E-B0942282E6B9}
		{689C98CE-13F7-423D-BA6D-1B6B3F4E8B05} = {8D98A5B6-0029-413C-B48E-B0942282E6B9}
		{C2CF45F2-C17B-4922-B56F-EA0383ACB2E0} = {408BB919-A944-4C38-83B8-0C9808EBBF78}
		{338C7553-DCDD-4349-A381-B82378ABB876} = {408BB919-A944-4C38-83B8-0C9808EBBF78}
		{7C4093FA-4F54-4AAC-8B0C-6BDE8FCDC1F7} = {408BB919-A944-4C38-83B8-0C9808EBBF78}
	EndGlobalSection
	GlobalSection(ExtensibilityGlobals) = postSolution
		SolutionGuid = {A0BE82A0-37E6-464D-98EA-F03E8F9D21BD}
	EndGlobalSection
EndGlobal
